
Microsoft Visual Studio Solution File, Format Version 12.00
# Visual Studio Version 17
VisualStudioVersion = 17.8.34330.188
MinimumVisualStudioVersion = 10.0.40219.1
Project("{FAE04EC0-301F-11D3-BF4B-00C04F79EFBC}") = "interface lab2", "interface lab2.csproj", "{AE38E9F5-A215-4EDF-9902-EFE740FF29C3}"
EndProject
Global
	GlobalSection(SolutionConfigurationPlatforms) = preSolution
		Debug|Any CPU = Debug|Any CPU
		Release|Any CPU = Release|Any CPU
	EndGlobalSection
	GlobalSection(ProjectConfigurationPlatforms) = postSolution
		{AE38E9F5-A215-4EDF-9902-EFE740FF29C3}.Debug|Any CPU.ActiveCfg = Debug|Any CPU
		{AE38E9F5-A215-4EDF-9902-EFE740FF29C3}.Debug|Any CPU.Build.0 = Debug|Any CPU
		{AE38E9F5-A215-4EDF-9902-EFE740FF29C3}.Release|Any CPU.ActiveCfg = Release|Any CPU
		{AE38E9F5-A215-4EDF-9902-EFE740FF29C3}.Release|Any CPU.Build.0 = Release|Any CPU
	EndGlobalSection
	GlobalSection(SolutionProperties) = preSolution
		HideSolutionNode = FALSE
	EndGlobalSection
	GlobalSection(ExtensibilityGlobals) = postSolution
		SolutionGuid = {06E549B9-3D8A-437B-8E89-BB02F12BC974}
	EndGlobalSection
EndGlobal
